
Microsoft Visual Studio Solution File, Format Version 12.00
# Visual Studio Version 16
VisualStudioVersion = 16.0.30611.23
MinimumVisualStudioVersion = 10.0.40219.1
Project("{8BC9CEB8-8B4A-11D0-8D11-00A0C91BC942}") = "Task1", "Task1\Task1.vcxproj", "{A858D62E-1EF0-42FD-BCD2-9B38D11CF847}"
EndProject
Project("{8BC9CEB8-8B4A-11D0-8D11-00A0C91BC942}") = "Task2", "Task2\Task2.vcxproj", "{1AE653AB-3180-40AA-88A8-CCC43186792E}"
EndProject
Project("{8BC9CEB8-8B4A-11D0-8D11-00A0C91BC942}") = "Task3", "Task3\Task3.vcxproj", "{3156ED4F-5BA3-4D30-B2A2-AEDD1B0EF845}"
EndProject
Project("{8BC9CEB8-8B4A-11D0-8D11-00A0C91BC942}") = "Task4", "Task4\Task4.vcxproj", "{B7BA9F6E-DCA1-42AB-BCAB-319A2807F400}"
EndProject
Project("{8BC9CEB8-8B4A-11D0-8D11-00A0C91BC942}") = "Task5", "Task5\Task5.vcxproj", "{16403EE0-8225-4B54-966A-3CB008F67599}"
EndProject
Project("{8BC9CEB8-8B4A-11D0-8D11-00A0C91BC942}") = "Task6", "Task6\Task6.vcxproj", "{87F76E92-CE37-4D8D-B982-0BAB16BB8197}"
EndProject
Project("{8BC9CEB8-8B4A-11D0-8D11-00A0C91BC942}") = "Task7", "Task7\Task7.vcxproj", "{3F46A098-3F84-4467-90B2-7390526845C2}"
EndProject
Project("{8BC9CEB8-8B4A-11D0-8D11-00A0C91BC942}") = "Task8", "Project1\Project1.vcxproj", "{EE2B668A-6232-4777-ABA1-00F5EEAF116D}"
EndProject
Project("{8BC9CEB8-8B4A-11D0-8D11-00A0C91BC942}") = "Task9", "Task9\Task9.vcxproj", "{50B8B824-33EB-4E6B-B00B-E5EC0CDBD169}"
EndProject
Project("{8BC9CEB8-8B4A-11D0-8D11-00A0C91BC942}") = "Task10", "Task10\Task10.vcxproj", "{B880F104-8909-4984-8308-A10D821EBC9D}"
EndProject
Project("{8BC9CEB8-8B4A-11D0-8D11-00A0C91BC942}") = "Task11", "Task11\Task11.vcxproj", "{776B53F7-6E5D-41CB-89A7-C08E12A3998B}"
EndProject
Project("{8BC9CEB8-8B4A-11D0-8D11-00A0C91BC942}") = "Task12", "Task12\Task12.vcxproj", "{24F35512-2637-42CA-89C0-ABC4C9F5C518}"
EndProject
Project("{8BC9CEB8-8B4A-11D0-8D11-00A0C91BC942}") = "Task13", "Task13\Task13.vcxproj", "{AA755495-8C79-42F3-B521-685B5D54C21E}"
EndProject
Project("{8BC9CEB8-8B4A-11D0-8D11-00A0C91BC942}") = "Task14", "Task14\Task14.vcxproj", "{B986A237-CBA4-4DF0-82EA-9AF1BBC700DC}"
EndProject
Project("{8BC9CEB8-8B4A-11D0-8D11-00A0C91BC942}") = "Task15", "Task15\Task15.vcxproj", "{F52E51B6-81A9-4149-9F12-435BA7AA3166}"
EndProject
Global
	GlobalSection(SolutionConfigurationPlatforms) = preSolution
		Debug|x64 = Debug|x64
		Debug|x86 = Debug|x86
		Release|x64 = Release|x64
		Release|x86 = Release|x86
	EndGlobalSection
	GlobalSection(ProjectConfigurationPlatforms) = postSolution
		{A858D62E-1EF0-42FD-BCD2-9B38D11CF847}.Debug|x64.ActiveCfg = Debug|x64
		{A858D62E-1EF0-42FD-BCD2-9B38D11CF847}.Debug|x64.Build.0 = Debug|x64
		{A858D62E-1EF0-42FD-BCD2-9B38D11CF847}.Debug|x86.ActiveCfg = Debug|Win32
		{A858D62E-1EF0-42FD-BCD2-9B38D11CF847}.Debug|x86.Build.0 = Debug|Win32
		{A858D62E-1EF0-42FD-BCD2-9B38D11CF847}.Release|x64.ActiveCfg = Release|x64
		{A858D62E-1EF0-42FD-BCD2-9B38D11CF847}.Release|x64.Build.0 = Release|x64
		{A858D62E-1EF0-42FD-BCD2-9B38D11CF847}.Release|x86.ActiveCfg = Release|Win32
		{A858D62E-1EF0-42FD-BCD2-9B38D11CF847}.Release|x86.Build.0 = Release|Win32
		{1AE653AB-3180-40AA-88A8-CCC43186792E}.Debug|x64.ActiveCfg = Debug|x64
		{1AE653AB-3180-40AA-88A8-CCC43186792E}.Debug|x64.Build.0 = Debug|x64
		{1AE653AB-3180-40AA-88A8-CCC43186792E}.Debug|x86.ActiveCfg = Debug|Win32
		{1AE653AB-3180-40AA-88A8-CCC43186792E}.Debug|x86.Build.0 = Debug|Win32
		{1AE653AB-3180-40AA-88A8-CCC43186792E}.Release|x64.ActiveCfg = Release|x64
		{1AE653AB-3180-40AA-88A8-CCC43186792E}.Release|x64.Build.0 = Release|x64
		{1AE653AB-3180-40AA-88A8-CCC43186792E}.Release|x86.ActiveCfg = Release|Win32
		{1AE653AB-3180-40AA-88A8-CCC43186792E}.Release|x86.Build.0 = Release|Win32
		{3156ED4F-5BA3-4D30-B2A2-AEDD1B0EF845}.Debug|x64.ActiveCfg = Debug|x64
		{3156ED4F-5BA3-4D30-B2A2-AEDD1B0EF845}.Debug|x64.Build.0 = Debug|x64
		{3156ED4F-5BA3-4D30-B2A2-AEDD1B0EF845}.Debug|x86.ActiveCfg = Debug|Win32
		{3156ED4F-5BA3-4D30-B2A2-AEDD1B0EF845}.Debug|x86.Build.0 = Debug|Win32
		{3156ED4F-5BA3-4D30-B2A2-AEDD1B0EF845}.Release|x64.ActiveCfg = Release|x64
		{3156ED4F-5BA3-4D30-B2A2-AEDD1B0EF845}.Release|x64.Build.0 = Release|x64
		{3156ED4F-5BA3-4D30-B2A2-AEDD1B0EF845}.Release|x86.ActiveCfg = Release|Win32
		{3156ED4F-5BA3-4D30-B2A2-AEDD1B0EF845}.Release|x86.Build.0 = Release|Win32
		{B7BA9F6E-DCA1-42AB-BCAB-319A2807F400}.Debug|x64.ActiveCfg = Debug|x64
		{B7BA9F6E-DCA1-42AB-BCAB-319A2807F400}.Debug|x64.Build.0 = Debug|x64
		{B7BA9F6E-DCA1-42AB-BCAB-319A2807F400}.Debug|x86.ActiveCfg = Debug|Win32
		{B7BA9F6E-DCA1-42AB-BCAB-319A2807F400}.Debug|x86.Build.0 = Debug|Win32
		{B7BA9F6E-DCA1-42AB-BCAB-319A2807F400}.Release|x64.ActiveCfg = Release|x64
		{B7BA9F6E-DCA1-42AB-BCAB-319A2807F400}.Release|x64.Build.0 = Release|x64
		{B7BA9F6E-DCA1-42AB-BCAB-319A2807F400}.Release|x86.ActiveCfg = Release|Win32
		{B7BA9F6E-DCA1-42AB-BCAB-319A2807F400}.Release|x86.Build.0 = Release|Win32
		{16403EE0-8225-4B54-966A-3CB008F67599}.Debug|x64.ActiveCfg = Debug|x64
		{16403EE0-8225-4B54-966A-3CB008F67599}.Debug|x64.Build.0 = Debug|x64
		{16403EE0-8225-4B54-966A-3CB008F67599}.Debug|x86.ActiveCfg = Debug|Win32
		{16403EE0-8225-4B54-966A-3CB008F67599}.Debug|x86.Build.0 = Debug|Win32
		{16403EE0-8225-4B54-966A-3CB008F67599}.Release|x64.ActiveCfg = Release|x64
		{16403EE0-8225-4B54-966A-3CB008F67599}.Release|x64.Build.0 = Release|x64
		{16403EE0-8225-4B54-966A-3CB008F67599}.Release|x86.ActiveCfg = Release|Win32
		{16403EE0-8225-4B54-966A-3CB008F67599}.Release|x86.Build.0 = Release|Win32
		{87F76E92-CE37-4D8D-B982-0BAB16BB8197}.Debug|x64.ActiveCfg = Debug|x64
		{87F76E92-CE37-4D8D-B982-0BAB16BB8197}.Debug|x64.Build.0 = Debug|x64
		{87F76E92-CE37-4D8D-B982-0BAB16BB8197}.Debug|x86.ActiveCfg = Debug|Win32
		{87F76E92-CE37-4D8D-B982-0BAB16BB8197}.Debug|x86.Build.0 = Debug|Win32
		{87F76E92-CE37-4D8D-B982-0BAB16BB8197}.Release|x64.ActiveCfg = Release|x64
		{87F76E92-CE37-4D8D-B982-0BAB16BB8197}.Release|x64.Build.0 = Release|x64
		{87F76E92-CE37-4D8D-B982-0BAB16BB8197}.Release|x86.ActiveCfg = Release|Win32
		{87F76E92-CE37-4D8D-B982-0BAB16BB8197}.Release|x86.Build.0 = Release|Win32
		{3F46A098-3F84-4467-90B2-7390526845C2}.Debug|x64.ActiveCfg = Debug|x64
		{3F46A098-3F84-4467-90B2-7390526845C2}.Debug|x64.Build.0 = Debug|x64
		{3F46A098-3F84-4467-90B2-7390526845C2}.Debug|x86.ActiveCfg = Debug|Win32
		{3F46A098-3F84-4467-90B2-7390526845C2}.Debug|x86.Build.0 = Debug|Win32
		{3F46A098-3F84-4467-90B2-7390526845C2}.Release|x64.ActiveCfg = Release|x64
		{3F46A098-3F84-4467-90B2-7390526845C2}.Release|x64.Build.0 = Release|x64
		{3F46A098-3F84-4467-90B2-7390526845C2}.Release|x86.ActiveCfg = Release|Win32
		{3F46A098-3F84-4467-90B2-7390526845C2}.Release|x86.Build.0 = Release|Win32
		{EE2B668A-6232-4777-ABA1-00F5EEAF116D}.Debug|x64.ActiveCfg = Debug|x64
		{EE2B668A-6232-4777-ABA1-00F5EEAF116D}.Debug|x64.Build.0 = Debug|x64
		{EE2B668A-6232-4777-ABA1-00F5EEAF116D}.Debug|x86.ActiveCfg = Debug|Win32
		{EE2B668A-6232-4777-ABA1-00F5EEAF116D}.Debug|x86.Build.0 = Debug|Win32
		{EE2B668A-6232-4777-ABA1-00F5EEAF116D}.Release|x64.ActiveCfg = Release|x64
		{EE2B668A-6232-4777-ABA1-00F5EEAF116D}.Release|x64.Build.0 = Release|x64
		{EE2B668A-6232-4777-ABA1-00F5EEAF116D}.Release|x86.ActiveCfg = Release|Win32
		{EE2B668A-6232-4777-ABA1-00F5EEAF116D}.Release|x86.Build.0 = Release|Win32
		{50B8B824-33EB-4E6B-B00B-E5EC0CDBD169}.Debug|x64.ActiveCfg = Debug|x64
		{50B8B824-33EB-4E6B-B00B-E5EC0CDBD169}.Debug|x64.Build.0 = Debug|x64
		{50B8B824-33EB-4E6B-B00B-E5EC0CDBD169}.Debug|x86.ActiveCfg = Debug|Win32
		{50B8B824-33EB-4E6B-B00B-E5EC0CDBD169}.Debug|x86.Build.0 = Debug|Win32
		{50B8B824-33EB-4E6B-B00B-E5EC0CDBD169}.Release|x64.ActiveCfg = Release|x64
		{50B8B824-33EB-4E6B-B00B-E5EC0CDBD169}.Release|x64.Build.0 = Release|x64
		{50B8B824-33EB-4E6B-B00B-E5EC0CDBD169}.Release|x86.ActiveCfg = Release|Win32
		{50B8B824-33EB-4E6B-B00B-E5EC0CDBD169}.Release|x86.Build.0 = Release|Win32
		{B880F104-8909-4984-8308-A10D821EBC9D}.Debug|x64.ActiveCfg = Debug|x64
		{B880F104-8909-4984-8308-A10D821EBC9D}.Debug|x64.Build.0 = Debug|x64
		{B880F104-8909-4984-8308-A10D821EBC9D}.Debug|x86.ActiveCfg = Debug|Win32
		{B880F104-8909-4984-8308-A10D821EBC9D}.Debug|x86.Build.0 = Debug|Win32
		{B880F104-8909-4984-8308-A10D821EBC9D}.Release|x64.ActiveCfg = Release|x64
		{B880F104-8909-4984-8308-A10D821EBC9D}.Release|x64.Build.0 = Release|x64
		{B880F104-8909-4984-8308-A10D821EBC9D}.Release|x86.ActiveCfg = Release|Win32
		{B880F104-8909-4984-8308-A10D821EBC9D}.Release|x86.Build.0 = Release|Win32
		{776B53F7-6E5D-41CB-89A7-C08E12A3998B}.Debug|x64.ActiveCfg = Debug|x64
		{776B53F7-6E5D-41CB-89A7-C08E12A3998B}.Debug|x64.Build.0 = Debug|x64
		{776B53F7-6E5D-41CB-89A7-C08E12A3998B}.Debug|x86.ActiveCfg = Debug|Win32
		{776B53F7-6E5D-41CB-89A7-C08E12A3998B}.Debug|x86.Build.0 = Debug|Win32
		{776B53F7-6E5D-41CB-89A7-C08E12A3998B}.Release|x64.ActiveCfg = Release|x64
		{776B53F7-6E5D-41CB-89A7-C08E12A3998B}.Release|x64.Build.0 = Release|x64
		{776B53F7-6E5D-41CB-89A7-C08E12A3998B}.Release|x86.ActiveCfg = Release|Win32
		{776B53F7-6E5D-41CB-89A7-C08E12A3998B}.Release|x86.Build.0 = Release|Win32
		{24F35512-2637-42CA-89C0-ABC4C9F5C518}.Debug|x64.ActiveCfg = Debug|x64
		{24F35512-2637-42CA-89C0-ABC4C9F5C518}.Debug|x64.Build.0 = Debug|x64
		{24F35512-2637-42CA-89C0-ABC4C9F5C518}.Debug|x86.ActiveCfg = Debug|Win32
		{24F35512-2637-42CA-89C0-ABC4C9F5C518}.Debug|x86.Build.0 = Debug|Win32
		{24F35512-2637-42CA-89C0-ABC4C9F5C518}.Release|x64.ActiveCfg = Release|x64
		{24F35512-2637-42CA-89C0-ABC4C9F5C518}.Release|x64.Build.0 = Release|x64
		{24F35512-2637-42CA-89C0-ABC4C9F5C518}.Release|x86.ActiveCfg = Release|Win32
		{24F35512-2637-42CA-89C0-ABC4C9F5C518}.Release|x86.Build.0 = Release|Win32
		{AA755495-8C79-42F3-B521-685B5D54C21E}.Debug|x64.ActiveCfg = Debug|x64
		{AA755495-8C79-42F3-B521-685B5D54C21E}.Debug|x64.Build.0 = Debug|x64
		{AA755495-8C79-42F3-B521-685B5D54C21E}.Debug|x86.ActiveCfg = Debug|Win32
		{AA755495-8C79-42F3-B521-685B5D54C21E}.Debug|x86.Build.0 = Debug|Win32
		{AA755495-8C79-42F3-B521-685B5D54C21E}.Release|x64.ActiveCfg = Release|x64
		{AA755495-8C79-42F3-B521-685B5D54C21E}.Release|x64.Build.0 = Release|x64
		{AA755495-8C79-42F3-B521-685B5D54C21E}.Release|x86.ActiveCfg = Release|Win32
		{AA755495-8C79-42F3-B521-685B5D54C21E}.Release|x86.Build.0 = Release|Win32
		{B986A237-CBA4-4DF0-82EA-9AF1BBC700DC}.Debug|x64.ActiveCfg = Debug|x64
		{B986A237-CBA4-4DF0-82EA-9AF1BBC700DC}.Debug|x64.Build.0 = Debug|x64
		{B986A237-CBA4-4DF0-82EA-9AF1BBC700DC}.Debug|x86.ActiveCfg = Debug|Win32
		{B986A237-CBA4-4DF0-82EA-9AF1BBC700DC}.Debug|x86.Build.0 = Debug|Win32
		{B986A237-CBA4-4DF0-82EA-9AF1BBC700DC}.Release|x64.ActiveCfg = Release|x64
		{B986A237-CBA4-4DF0-82EA-9AF1BBC700DC}.Release|x64.Build.0 = Release|x64
		{B986A237-CBA4-4DF0-82EA-9AF1BBC700DC}.Release|x86.ActiveCfg = Release|Win32
		{B986A237-CBA4-4DF0-82EA-9AF1BBC700DC}.Release|x86.Build.0 = Release|Win32
		{F52E51B6-81A9-4149-9F12-435BA7AA3166}.Debug|x64.ActiveCfg = Debug|x64
		{F52E51B6-81A9-4149-9F12-435BA7AA3166}.Debug|x64.Build.0 = Debug|x64
		{F52E51B6-81A9-4149-9F12-435BA7AA3166}.Debug|x86.ActiveCfg = Debug|Win32
		{F52E51B6-81A9-4149-9F12-435BA7AA3166}.Debug|x86.Build.0 = Debug|Win32
		{F52E51B6-81A9-4149-9F12-435BA7AA3166}.Release|x64.ActiveCfg = Release|x64
		{F52E51B6-81A9-4149-9F12-435BA7AA3166}.Release|x64.Build.0 = Release|x64
		{F52E51B6-81A9-4149-9F12-435BA7AA3166}.Release|x86.ActiveCfg = Release|Win32
		{F52E51B6-81A9-4149-9F12-435BA7AA3166}.Release|x86.Build.0 = Release|Win32
	EndGlobalSection
	GlobalSection(SolutionProperties) = preSolution
		HideSolutionNode = FALSE
	EndGlobalSection
	GlobalSection(ExtensibilityGlobals) = postSolution
		SolutionGuid = {FAD37C77-72FB-4648-8EF0-7F5ED89282AE}
	EndGlobalSection
EndGlobal
