
Microsoft Visual Studio Solution File, Format Version 12.00
# Visual Studio Version 16
VisualStudioVersion = 16.0.30611.23
MinimumVisualStudioVersion = 10.0.40219.1
Project("{8BC9CEB8-8B4A-11D0-8D11-00A0C91BC942}") = "task-6", "task-6\task-6.vcxproj", "{21AC17A3-4B2F-4067-AE28-734D5ADE004F}"
EndProject
Global
	GlobalSection(SolutionConfigurationPlatforms) = preSolution
		Debug|x64 = Debug|x64
		Debug|x86 = Debug|x86
		Release|x64 = Release|x64
		Release|x86 = Release|x86
	EndGlobalSection
	GlobalSection(ProjectConfigurationPlatforms) = postSolution
		{21AC17A3-4B2F-4067-AE28-734D5ADE004F}.Debug|x64.ActiveCfg = Debug|x64
		{21AC17A3-4B2F-4067-AE28-734D5ADE004F}.Debug|x64.Build.0 = Debug|x64
		{21AC17A3-4B2F-4067-AE28-734D5ADE004F}.Debug|x86.ActiveCfg = Debug|Win32
		{21AC17A3-4B2F-4067-AE28-734D5ADE004F}.Debug|x86.Build.0 = Debug|Win32
		{21AC17A3-4B2F-4067-AE28-734D5ADE004F}.Release|x64.ActiveCfg = Release|x64
		{21AC17A3-4B2F-4067-AE28-734D5ADE004F}.Release|x64.Build.0 = Release|x64
		{21AC17A3-4B2F-4067-AE28-734D5ADE004F}.Release|x86.ActiveCfg = Release|Win32
		{21AC17A3-4B2F-4067-AE28-734D5ADE004F}.Release|x86.Build.0 = Release|Win32
	EndGlobalSection
	GlobalSection(SolutionProperties) = preSolution
		HideSolutionNode = FALSE
	EndGlobalSection
	GlobalSection(ExtensibilityGlobals) = postSolution
		SolutionGuid = {0948554D-DCFC-4611-91AD-6F6984FB41E6}
	EndGlobalSection
EndGlobal
